version = 1
revision = 3
requires-python = ">=3.14"

[[package]]
name = "aiodns"
version = "3.5.0"
source = { registry = "https://pypi.org/simple" }
dependencies = [
    { name = "pycares" },
]
sdist = { url = "https://files.pythonhosted.org/packages/17/0a/163e5260cecc12de6abc259d158d9da3b8ec062ab863107dcdb1166cdcef/aiodns-3.5.0.tar.gz", hash = "sha256:11264edbab51896ecf546c18eb0dd56dff0428c6aa6d2cd87e643e07300eb310", size = 14380, upload-time = "2025-06-13T16:21:53.595Z" }
wheels = [
    { url = "https://files.pythonhosted.org/packages/f6/2c/711076e5f5d0707b8ec55a233c8bfb193e0981a800cd1b3b123e8ff61ca1/aiodns-3.5.0-py3-none-any.whl", hash = "sha256:6d0404f7d5215849233f6ee44854f2bb2481adf71b336b2279016ea5990ca5c5", size = 8068, upload-time = "2025-06-13T16:21:52.45Z" },
]

[[package]]
name = "aiohappyeyeballs"
version = "2.6.1"
source = { registry = "https://pypi.org/simple" }
sdist = { url = "https://files.pythonhosted.org/packages/26/30/f84a107a9c4331c14b2b586036f40965c128aa4fee4dda5d3d51cb14ad54/aiohappyeyeballs-2.6.1.tar.gz", hash = "sha256:c3f9d0113123803ccadfdf3f0faa505bc78e6a72d1cc4806cbd719826e943558", size = 22760, upload-time = "2025-03-12T01:42:48.764Z" }
wheels = [
    { url = "https://files.pythonhosted.org/packages/0f/15/5bf3b99495fb160b63f95972b81750f18f7f4e02ad051373b669d17d44f2/aiohappyeyeballs-2.6.1-py3-none-any.whl", hash = "sha256:f349ba8f4b75cb25c99c5c2d84e997e485204d2902a9597802b0371f09331fb8", size = 15265, upload-time = "2025-03-12T01:42:47.083Z" },
]

[[package]]
name = "aiohttp"
version = "3.12.15"
source = { registry = "https://pypi.org/simple" }
dependencies = [
    { name = "aiohappyeyeballs" },
    { name = "aiosignal" },
    { name = "attrs" },
    { name = "frozenlist" },
    { name = "multidict" },
    { name = "propcache" },
    { name = "yarl" },
]
sdist = { url = "https://files.pythonhosted.org/packages/9b/e7/d92a237d8802ca88483906c388f7c201bbe96cd80a165ffd0ac2f6a8d59f/aiohttp-3.12.15.tar.gz", hash = "sha256:4fc61385e9c98d72fcdf47e6dd81833f47b2f77c114c29cd64a361be57a763a2", size = 7823716, upload-time = "2025-07-29T05:52:32.215Z" }

[package.optional-dependencies]
speedups = [
    { name = "aiodns" },
    { name = "brotli", marker = "platform_python_implementation == 'CPython'" },
    { name = "brotlicffi", marker = "platform_python_implementation != 'CPython'" },
]

[[package]]
name = "aiosignal"
version = "1.4.0"
source = { registry = "https://pypi.org/simple" }
dependencies = [
    { name = "frozenlist" },
]
sdist = { url = "https://files.pythonhosted.org/packages/61/62/06741b579156360248d1ec624842ad0edf697050bbaf7c3e46394e106ad1/aiosignal-1.4.0.tar.gz", hash = "sha256:f47eecd9468083c2029cc99945502cb7708b082c232f9aca65da147157b251c7", size = 25007, upload-time = "2025-07-03T22:54:43.528Z" }
wheels = [
    { url = "https://files.pythonhosted.org/packages/fb/76/641ae371508676492379f16e2fa48f4e2c11741bd63c48be4b12a6b09cba/aiosignal-1.4.0-py3-none-any.whl", hash = "sha256:053243f8b92b990551949e63930a839ff0cf0b0ebbe0597b0f3fb19e1a0fe82e", size = 7490, upload-time = "2025-07-03T22:54:42.156Z" },
]

[[package]]
name = "attrs"
version = "25.3.0"
source = { registry = "https://pypi.org/simple" }
sdist = { url = "https://files.pythonhosted.org/packages/5a/b0/1367933a8532ee6ff8d63537de4f1177af4bff9f3e829baf7331f595bb24/attrs-25.3.0.tar.gz", hash = "sha256:75d7cefc7fb576747b2c81b4442d4d4a1ce0900973527c011d1030fd3bf4af1b", size = 812032, upload-time = "2025-03-13T11:10:22.779Z" }
wheels = [
    { url = "https://files.pythonhosted.org/packages/77/06/bb80f5f86020c4551da315d78b3ab75e8228f89f0162f2c3a819e407941a/attrs-25.3.0-py3-none-any.whl", hash = "sha256:427318ce031701fea540783410126f03899a97ffc6f61596ad581ac2e40e3bc3", size = 63815, upload-time = "2025-03-13T11:10:21.14Z" },
]

[[package]]
name = "beautifulsoup4"
version = "4.14.2"
source = { registry = "https://pypi.org/simple" }
dependencies = [
    { name = "soupsieve" },
    { name = "typing-extensions" },
]
sdist = { url = "https://files.pythonhosted.org/packages/77/e9/df2358efd7659577435e2177bfa69cba6c33216681af51a707193dec162a/beautifulsoup4-4.14.2.tar.gz", hash = "sha256:2a98ab9f944a11acee9cc848508ec28d9228abfd522ef0fad6a02a72e0ded69e", size = 625822, upload-time = "2025-09-29T10:05:42.613Z" }
wheels = [
    { url = "https://files.pythonhosted.org/packages/94/fe/3aed5d0be4d404d12d36ab97e2f1791424d9ca39c2f754a6285d59a3b01d/beautifulsoup4-4.14.2-py3-none-any.whl", hash = "sha256:5ef6fa3a8cbece8488d66985560f97ed091e22bbc4e9c2338508a9d5de6d4515", size = 106392, upload-time = "2025-09-29T10:05:43.771Z" },
]

[[package]]
name = "brotli"
version = "1.1.0"
source = { registry = "https://pypi.org/simple" }
sdist = { url = "https://files.pythonhosted.org/packages/2f/c2/f9e977608bdf958650638c3f1e28f85a1b075f075ebbe77db8555463787b/Brotli-1.1.0.tar.gz", hash = "sha256:81de08ac11bcb85841e440c13611c00b67d3bf82698314928d0b676362546724", size = 7372270, upload-time = "2023-09-07T14:05:41.643Z" }

[[package]]
name = "brotlicffi"
version = "1.1.0.0"
source = { registry = "https://pypi.org/simple" }
dependencies = [
    { name = "cffi" },
]
sdist = { url = "https://files.pythonhosted.org/packages/95/9d/70caa61192f570fcf0352766331b735afa931b4c6bc9a348a0925cc13288/brotlicffi-1.1.0.0.tar.gz", hash = "sha256:b77827a689905143f87915310b93b273ab17888fd43ef350d4832c4a71083c13", size = 465192, upload-time = "2023-09-14T14:22:40.707Z" }
wheels = [
    { url = "https://files.pythonhosted.org/packages/a2/11/7b96009d3dcc2c931e828ce1e157f03824a69fb728d06bfd7b2fc6f93718/brotlicffi-1.1.0.0-cp37-abi3-macosx_10_9_x86_64.whl", hash = "sha256:9b7ae6bd1a3f0df532b6d67ff674099a96d22bc0948955cb338488c31bfb8851", size = 453786, upload-time = "2023-09-14T14:21:57.72Z" },
    { url = "https://files.pythonhosted.org/packages/d6/e6/a8f46f4a4ee7856fbd6ac0c6fb0dc65ed181ba46cd77875b8d9bbe494d9e/brotlicffi-1.1.0.0-cp37-abi3-manylinux_2_17_aarch64.manylinux2014_aarch64.whl", hash = "sha256:19ffc919fa4fc6ace69286e0a23b3789b4219058313cf9b45625016bf7ff996b", size = 2911165, upload-time = "2023-09-14T14:21:59.613Z" },
    { url = "https://files.pythonhosted.org/packages/be/20/201559dff14e83ba345a5ec03335607e47467b6633c210607e693aefac40/brotlicffi-1.1.0.0-cp37-abi3-manylinux_2_17_x86_64.manylinux2014_x86_64.whl", hash = "sha256:9feb210d932ffe7798ee62e6145d3a757eb6233aa9a4e7db78dd3690d7755814", size = 2927895, upload-time = "2023-09-14T14:22:01.22Z" },
    { url = "https://files.pythonhosted.org/packages/cd/15/695b1409264143be3c933f708a3f81d53c4a1e1ebbc06f46331decbf6563/brotlicffi-1.1.0.0-cp37-abi3-manylinux_2_5_i686.manylinux1_i686.manylinux_2_17_i686.manylinux2014_i686.whl", hash = "sha256:84763dbdef5dd5c24b75597a77e1b30c66604725707565188ba54bab4f114820", size = 2851834, upload-time = "2023-09-14T14:22:03.571Z" },
    { url = "https://files.pythonhosted.org/packages/b4/40/b961a702463b6005baf952794c2e9e0099bde657d0d7e007f923883b907f/brotlicffi-1.1.0.0-cp37-abi3-win32.whl", hash = "sha256:1b12b50e07c3911e1efa3a8971543e7648100713d4e0971b13631cce22c587eb", size = 341731, upload-time = "2023-09-14T14:22:05.74Z" },
    { url = "https://files.pythonhosted.org/packages/1c/fa/5408a03c041114ceab628ce21766a4ea882aa6f6f0a800e04ee3a30ec6b9/brotlicffi-1.1.0.0-cp37-abi3-win_amd64.whl", hash = "sha256:994a4f0681bb6c6c3b0925530a1926b7a189d878e6e5e38fae8efa47c5d9c613", size = 366783, upload-time = "2023-09-14T14:22:07.096Z" },
]

[[package]]
name = "cffi"
version = "1.17.1"
source = { registry = "https://pypi.org/simple" }
dependencies = [
    { name = "pycparser" },
]
sdist = { url = "https://files.pythonhosted.org/packages/fc/97/c783634659c2920c3fc70419e3af40972dbaf758daa229a7d6ea6135c90d/cffi-1.17.1.tar.gz", hash = "sha256:1c39c6016c32bc48dd54561950ebd6836e1670f2ae46128f67cf49e789c52824", size = 516621, upload-time = "2024-09-04T20:45:21.852Z" }

[[package]]
name = "click"
version = "8.3.0"
source = { registry = "https://pypi.org/simple" }
dependencies = [
    { name = "colorama", marker = "sys_platform == 'win32'" },
]
sdist = { url = "https://files.pythonhosted.org/packages/46/61/de6cd827efad202d7057d93e0fed9294b96952e188f7384832791c7b2254/click-8.3.0.tar.gz", hash = "sha256:e7b8232224eba16f4ebe410c25ced9f7875cb5f3263ffc93cc3e8da705e229c4", size = 276943, upload-time = "2025-09-18T17:32:23.696Z" }
wheels = [
    { url = "https://files.pythonhosted.org/packages/db/d3/9dcc0f5797f070ec8edf30fbadfb200e71d9db6b84d211e3b2085a7589a0/click-8.3.0-py3-none-any.whl", hash = "sha256:9b9f285302c6e3064f4330c05f05b81945b2a39544279343e6e7c5f27a9baddc", size = 107295, upload-time = "2025-09-18T17:32:22.42Z" },
]

[[package]]
name = "colorama"
version = "0.4.6"
source = { registry = "https://pypi.org/simple" }
sdist = { url = "https://files.pythonhosted.org/packages/d8/53/6f443c9a4a8358a93a6792e2acffb9d9d5cb0a5cfd8802644b7b1c9a02e4/colorama-0.4.6.tar.gz", hash = "sha256:08695f5cb7ed6e0531a20572697297273c47b8cae5a63ffc6d6ed5c201be6e44", size = 27697, upload-time = "2022-10-25T02:36:22.414Z" }
wheels = [
    { url = "https://files.pythonhosted.org/packages/d1/d6/3965ed04c63042e047cb6a3e6ed1a63a35087b6a609aa3a15ed8ac56c221/colorama-0.4.6-py2.py3-none-any.whl", hash = "sha256:4f1d9991f5acc0ca119f9d443620b77f9d6b33703e51011c16baf57afb285fc6", size = 25335, upload-time = "2022-10-25T02:36:20.889Z" },
]

[[package]]
name = "frozenlist"
version = "1.7.0"
source = { registry = "https://pypi.org/simple" }
sdist = { url = "https://files.pythonhosted.org/packages/79/b1/b64018016eeb087db503b038296fd782586432b9c077fc5c7839e9cb6ef6/frozenlist-1.7.0.tar.gz", hash = "sha256:2e310d81923c2437ea8670467121cc3e9b0f76d3043cc1d2331d56c7fb7a3a8f", size = 45078, upload-time = "2025-06-09T23:02:35.538Z" }
wheels = [
    { url = "https://files.pythonhosted.org/packages/ee/45/b82e3c16be2182bff01179db177fe144d58b5dc787a7d4492c6ed8b9317f/frozenlist-1.7.0-py3-none-any.whl", hash = "sha256:9a5af342e34f7e97caf8c995864c7a396418ae2859cc6fdf1b1073020d516a7e", size = 13106, upload-time = "2025-06-09T23:02:34.204Z" },
]

[[package]]
name = "idna"
version = "3.10"
source = { registry = "https://pypi.org/simple" }
sdist = { url = "https://files.pythonhosted.org/packages/f1/70/7703c29685631f5a7590aa73f1f1d3fa9a380e654b86af429e0934a32f7d/idna-3.10.tar.gz", hash = "sha256:12f65c9b470abda6dc35cf8e63cc574b1c52b11df2c86030af0ac09b01b13ea9", size = 190490, upload-time = "2024-09-15T18:07:39.745Z" }
wheels = [
    { url = "https://files.pythonhosted.org/packages/76/c6/c88e154df9c4e1a2a66ccf0005a88dfb2650c1dffb6f5ce603dfbd452ce3/idna-3.10-py3-none-any.whl", hash = "sha256:946d195a0d259cbba61165e88e65941f16e9b36ea6ddb97f00452bae8b1287d3", size = 70442, upload-time = "2024-09-15T18:07:37.964Z" },
]

[[package]]
name = "iniconfig"
version = "2.1.0"
source = { registry = "https://pypi.org/simple" }
sdist = { url = "https://files.pythonhosted.org/packages/f2/97/ebf4da567aa6827c909642694d71c9fcf53e5b504f2d96afea02718862f3/iniconfig-2.1.0.tar.gz", hash = "sha256:3abbd2e30b36733fee78f9c7f7308f2d0050e88f0087fd25c2645f63c773e1c7", size = 4793, upload-time = "2025-03-19T20:09:59.721Z" }
wheels = [
    { url = "https://files.pythonhosted.org/packages/2c/e1/e6716421ea10d38022b952c159d5161ca1193197fb744506875fbb87ea7b/iniconfig-2.1.0-py3-none-any.whl", hash = "sha256:9deba5723312380e77435581c6bf4935c94cbfab9b1ed33ef8d238ea168eb760", size = 6050, upload-time = "2025-03-19T20:10:01.071Z" },
]

[[package]]
name = "lxml"
version = "6.0.1"
source = { registry = "https://pypi.org/simple" }
sdist = { url = "https://files.pythonhosted.org/packages/8f/bd/f9d01fd4132d81c6f43ab01983caea69ec9614b913c290a26738431a015d/lxml-6.0.1.tar.gz", hash = "sha256:2b3a882ebf27dd026df3801a87cf49ff791336e0f94b0fad195db77e01240690", size = 4070214, upload-time = "2025-08-22T10:37:53.525Z" }
wheels = [
    { url = "https://files.pythonhosted.org/packages/38/e3/b7eb612ce07abe766918a7e581ec6a0e5212352194001fd287c3ace945f0/lxml-6.0.1-cp314-cp314-macosx_10_13_universal2.whl", hash = "sha256:29b0e849ec7030e3ecb6112564c9f7ad6881e3b2375dd4a0c486c5c1f3a33859", size = 8426160, upload-time = "2025-08-22T10:34:10.154Z" },
    { url = "https://files.pythonhosted.org/packages/35/8f/ab3639a33595cf284fe733c6526da2ca3afbc5fd7f244ae67f3303cec654/lxml-6.0.1-cp314-cp314-macosx_10_13_x86_64.whl", hash = "sha256:02a0f7e629f73cc0be598c8b0611bf28ec3b948c549578a26111b01307fd4051", size = 4589288, upload-time = "2025-08-22T10:34:12.972Z" },
    { url = "https://files.pythonhosted.org/packages/2c/65/819d54f2e94d5c4458c1db8c1ccac9d05230b27c1038937d3d788eb406f9/lxml-6.0.1-cp314-cp314-manylinux2014_aarch64.manylinux_2_17_aarch64.whl", hash = "sha256:beab5e54de016e730875f612ba51e54c331e2fa6dc78ecf9a5415fc90d619348", size = 4964523, upload-time = "2025-08-22T10:34:15.474Z" },
    { url = "https://files.pythonhosted.org/packages/5b/4a/d4a74ce942e60025cdaa883c5a4478921a99ce8607fc3130f1e349a83b28/lxml-6.0.1-cp314-cp314-manylinux2014_x86_64.manylinux_2_17_x86_64.whl", hash = "sha256:92a08aefecd19ecc4ebf053c27789dd92c87821df2583a4337131cf181a1dffa", size = 5101108, upload-time = "2025-08-22T10:34:17.348Z" },
    { url = "https://files.pythonhosted.org/packages/cb/48/67f15461884074edd58af17b1827b983644d1fae83b3d909e9045a08b61e/lxml-6.0.1-cp314-cp314-manylinux_2_26_aarch64.manylinux_2_28_aarch64.whl", hash = "sha256:36c8fa7e177649470bc3dcf7eae6bee1e4984aaee496b9ccbf30e97ac4127fa2", size = 5053498, upload-time = "2025-08-22T10:34:19.232Z" },
    { url = "https://files.pythonhosted.org/packages/b6/d4/ec1bf1614828a5492f4af0b6a9ee2eb3e92440aea3ac4fa158e5228b772b/lxml-6.0.1-cp314-cp314-manylinux_2_26_i686.manylinux_2_28_i686.whl", hash = "sha256:5d08e0f1af6916267bb7eff21c09fa105620f07712424aaae09e8cb5dd4164d1", size = 5351057, upload-time = "2025-08-22T10:34:21.143Z" },
    { url = "https://files.pythonhosted.org/packages/65/2b/c85929dacac08821f2100cea3eb258ce5c8804a4e32b774f50ebd7592850/lxml-6.0.1-cp314-cp314-manylinux_2_26_ppc64le.manylinux_2_28_ppc64le.whl", hash = "sha256:9705cdfc05142f8c38c97a61bd3a29581ceceb973a014e302ee4a73cc6632476", size = 5671579, upload-time = "2025-08-22T10:34:23.528Z" },
    { url = "https://files.pythonhosted.org/packages/d0/36/cf544d75c269b9aad16752fd9f02d8e171c5a493ca225cb46bb7ba72868c/lxml-6.0.1-cp314-cp314-manylinux_2_26_x86_64.manylinux_2_28_x86_64.whl", hash = "sha256:74555e2da7c1636e30bff4e6e38d862a634cf020ffa591f1f63da96bf8b34772", size = 5250403, upload-time = "2025-08-22T10:34:25.642Z" },
    { url = "https://files.pythonhosted.org/packages/c2/e8/83dbc946ee598fd75fdeae6151a725ddeaab39bb321354a9468d4c9f44f3/lxml-6.0.1-cp314-cp314-manylinux_2_31_armv7l.whl", hash = "sha256:e38b5f94c5a2a5dadaddd50084098dfd005e5a2a56cd200aaf5e0a20e8941782", size = 4696712, upload-time = "2025-08-22T10:34:27.753Z" },
    { url = "https://files.pythonhosted.org/packages/f4/72/889c633b47c06205743ba935f4d1f5aa4eb7f0325d701ed2b0540df1b004/lxml-6.0.1-cp314-cp314-manylinux_2_38_riscv64.manylinux_2_39_riscv64.whl", hash = "sha256:a5ec101a92ddacb4791977acfc86c1afd624c032974bfb6a21269d1083c9bc49", size = 5268177, upload-time = "2025-08-22T10:34:29.804Z" },
    { url = "https://files.pythonhosted.org/packages/b0/b6/f42a21a1428479b66ea0da7bd13e370436aecaff0cfe93270c7e165bd2a4/lxml-6.0.1-cp314-cp314-musllinux_1_2_aarch64.whl", hash = "sha256:5c17e70c82fd777df586c12114bbe56e4e6f823a971814fd40dec9c0de518772", size = 5094648, upload-time = "2025-08-22T10:34:31.703Z" },
    { url = "https://files.pythonhosted.org/packages/51/b0/5f8c1e8890e2ee1c2053c2eadd1cb0e4b79e2304e2912385f6ca666f48b1/lxml-6.0.1-cp314-cp314-musllinux_1_2_armv7l.whl", hash = "sha256:45fdd0415a0c3d91640b5d7a650a8f37410966a2e9afebb35979d06166fd010e", size = 4745220, upload-time = "2025-08-22T10:34:33.595Z" },
    { url = "https://files.pythonhosted.org/packages/eb/f9/820b5125660dae489ca3a21a36d9da2e75dd6b5ffe922088f94bbff3b8a0/lxml-6.0.1-cp314-cp314-musllinux_1_2_ppc64le.whl", hash = "sha256:d417eba28981e720a14fcb98f95e44e7a772fe25982e584db38e5d3b6ee02e79", size = 5692913, upload-time = "2025-08-22T10:34:35.482Z" },
    { url = "https://files.pythonhosted.org/packages/23/8e/a557fae9eec236618aecf9ff35fec18df41b6556d825f3ad6017d9f6e878/lxml-6.0.1-cp314-cp314-musllinux_1_2_riscv64.whl", hash = "sha256:8e5d116b9e59be7934febb12c41cce2038491ec8fdb743aeacaaf36d6e7597e4", size = 5259816, upload-time = "2025-08-22T10:34:37.482Z" },
    { url = "https://files.pythonhosted.org/packages/fa/fd/b266cfaab81d93a539040be699b5854dd24c84e523a1711ee5f615aa7000/lxml-6.0.1-cp314-cp314-musllinux_1_2_x86_64.whl", hash = "sha256:c238f0d0d40fdcb695c439fe5787fa69d40f45789326b3bb6ef0d61c4b588d6e", size = 5276162, upload-time = "2025-08-22T10:34:39.507Z" },
    { url = "https://files.pythonhosted.org/packages/25/6c/6f9610fbf1de002048e80585ea4719591921a0316a8565968737d9f125ca/lxml-6.0.1-cp314-cp314-win32.whl", hash = "sha256:537b6cf1c5ab88cfd159195d412edb3e434fee880f206cbe68dff9c40e17a68a", size = 3669595, upload-time = "2025-08-22T10:34:41.783Z" },
    { url = "https://files.pythonhosted.org/packages/72/a5/506775e3988677db24dc75a7b03e04038e0b3d114ccd4bccea4ce0116c15/lxml-6.0.1-cp314-cp314-win_amd64.whl", hash = "sha256:911d0a2bb3ef3df55b3d97ab325a9ca7e438d5112c102b8495321105d25a441b", size = 4079818, upload-time = "2025-08-22T10:34:44.04Z" },
    { url = "https://files.pythonhosted.org/packages/0a/44/9613f300201b8700215856e5edd056d4e58dd23368699196b58877d4408b/lxml-6.0.1-cp314-cp314-win_arm64.whl", hash = "sha256:2834377b0145a471a654d699bdb3a2155312de492142ef5a1d426af2c60a0a31", size = 3753901, upload-time = "2025-08-22T10:34:45.799Z" },
]

[[package]]
name = "multidict"
version = "6.6.4"
source = { registry = "https://pypi.org/simple" }
sdist = { url = "https://files.pythonhosted.org/packages/69/7f/0652e6ed47ab288e3756ea9c0df8b14950781184d4bd7883f4d87dd41245/multidict-6.6.4.tar.gz", hash = "sha256:d2d4e4787672911b48350df02ed3fa3fffdc2f2e8ca06dd6afdf34189b76a9dd", size = 101843, upload-time = "2025-08-11T12:08:48.217Z" }
wheels = [
    { url = "https://files.pythonhosted.org/packages/fd/69/b547032297c7e63ba2af494edba695d781af8a0c6e89e4d06cf848b21d80/multidict-6.6.4-py3-none-any.whl", hash = "sha256:27d8f8e125c07cb954e54d75d04905a9bba8a439c1d84aca94949d4d03d8601c", size = 12313, upload-time = "2025-08-11T12:08:46.891Z" },
]

[[package]]
name = "ordered-set"
version = "4.1.0"
source = { registry = "https://pypi.org/simple" }
sdist = { url = "https://files.pythonhosted.org/packages/4c/ca/bfac8bc689799bcca4157e0e0ced07e70ce125193fc2e166d2e685b7e2fe/ordered-set-4.1.0.tar.gz", hash = "sha256:694a8e44c87657c59292ede72891eb91d34131f6531463aab3009191c77364a8", size = 12826, upload-time = "2022-01-26T14:38:56.6Z" }
wheels = [
    { url = "https://files.pythonhosted.org/packages/33/55/af02708f230eb77084a299d7b08175cff006dea4f2721074b92cdb0296c0/ordered_set-4.1.0-py3-none-any.whl", hash = "sha256:046e1132c71fcf3330438a539928932caf51ddbc582496833e23de611de14562", size = 7634, upload-time = "2022-01-26T14:38:48.677Z" },
]

[[package]]
name = "packaging"
version = "25.0"
source = { registry = "https://pypi.org/simple" }
sdist = { url = "https://files.pythonhosted.org/packages/a1/d4/1fc4078c65507b51b96ca8f8c3ba19e6a61c8253c72794544580a7b6c24d/packaging-25.0.tar.gz", hash = "sha256:d443872c98d677bf60f6a1f2f8c1cb748e8fe762d2bf9d3148b5599295b0fc4f", size = 165727, upload-time = "2025-04-19T11:48:59.673Z" }
wheels = [
    { url = "https://files.pythonhosted.org/packages/20/12/38679034af332785aac8774540895e234f4d07f7545804097de4b666afd8/packaging-25.0-py3-none-any.whl", hash = "sha256:29572ef2b1f17581046b3a2227d5c611fb25ec70ca1ba8554b24b0e69331a484", size = 66469, upload-time = "2025-04-19T11:48:57.875Z" },
]

[[package]]
name = "pluggy"
version = "1.6.0"
source = { registry = "https://pypi.org/simple" }
sdist = { url = "https://files.pythonhosted.org/packages/f9/e2/3e91f31a7d2b083fe6ef3fa267035b518369d9511ffab804f839851d2779/pluggy-1.6.0.tar.gz", hash = "sha256:7dcc130b76258d33b90f61b658791dede3486c3e6bfb003ee5c9bfb396dd22f3", size = 69412, upload-time = "2025-05-15T12:30:07.975Z" }
wheels = [
    { url = "https://files.pythonhosted.org/packages/54/20/4d324d65cc6d9205fabedc306948156824eb9f0ee1633355a8f7ec5c66bf/pluggy-1.6.0-py3-none-any.whl", hash = "sha256:e920276dd6813095e9377c0bc5566d94c932c33b27a3e3945d8389c374dd4746", size = 20538, upload-time = "2025-05-15T12:30:06.134Z" },
]

[[package]]
name = "propcache"
version = "0.3.2"
source = { registry = "https://pypi.org/simple" }
sdist = { url = "https://files.pythonhosted.org/packages/a6/16/43264e4a779dd8588c21a70f0709665ee8f611211bdd2c87d952cfa7c776/propcache-0.3.2.tar.gz", hash = "sha256:20d7d62e4e7ef05f221e0db2856b979540686342e7dd9973b815599c7057e168", size = 44139, upload-time = "2025-06-09T22:56:06.081Z" }
wheels = [
    { url = "https://files.pythonhosted.org/packages/cc/35/cc0aaecf278bb4575b8555f2b137de5ab821595ddae9da9d3cd1da4072c7/propcache-0.3.2-py3-none-any.whl", hash = "sha256:98f1ec44fb675f5052cccc8e609c46ed23a35a1cfd18545ad4e29002d858a43f", size = 12663, upload-time = "2025-06-09T22:56:04.484Z" },
]

[[package]]
name = "pycares"
version = "4.10.0"
source = { registry = "https://pypi.org/simple" }
dependencies = [
    { name = "cffi" },
]
sdist = { url = "https://files.pythonhosted.org/packages/e0/2f/5b46bb8e65070eb1f7f549d2f2e71db6b9899ef24ac9f82128014aeb1e25/pycares-4.10.0.tar.gz", hash = "sha256:9df70dce6e05afa5d477f48959170e569485e20dad1a089c4cf3b2d7ffbd8bf9", size = 654318, upload-time = "2025-08-05T22:35:34.863Z" }

[[package]]
name = "pycparser"
version = "2.22"
source = { registry = "https://pypi.org/simple" }
sdist = { url = "https://files.pythonhosted.org/packages/1d/b2/31537cf4b1ca988837256c910a668b553fceb8f069bedc4b1c826024b52c/pycparser-2.22.tar.gz", hash = "sha256:491c8be9c040f5390f5bf44a5b07752bd07f56edf992381b05c701439eec10f6", size = 172736, upload-time = "2024-03-30T13:22:22.564Z" }
wheels = [
    { url = "https://files.pythonhosted.org/packages/13/a3/a812df4e2dd5696d1f351d58b8fe16a405b234ad2886a0dab9183fb78109/pycparser-2.22-py3-none-any.whl", hash = "sha256:c3702b6d3dd8c7abc1afa565d7e63d53a1d0bd86cdc24edd75470f4de499cfcc", size = 117552, upload-time = "2024-03-30T13:22:20.476Z" },
]

[[package]]
name = "pygments"
version = "2.19.2"
source = { registry = "https://pypi.org/simple" }
sdist = { url = "https://files.pythonhosted.org/packages/b0/77/a5b8c569bf593b0140bde72ea885a803b82086995367bf2037de0159d924/pygments-2.19.2.tar.gz", hash = "sha256:636cb2477cec7f8952536970bc533bc43743542f70392ae026374600add5b887", size = 4968631, upload-time = "2025-06-21T13:39:12.283Z" }
wheels = [
    { url = "https://files.pythonhosted.org/packages/c7/21/705964c7812476f378728bdf590ca4b771ec72385c533964653c68e86bdc/pygments-2.19.2-py3-none-any.whl", hash = "sha256:86540386c03d588bb81d44bc3928634ff26449851e99741617ecb9037ee5ec0b", size = 1225217, upload-time = "2025-06-21T13:39:07.939Z" },
]

[[package]]
name = "pytest"
version = "8.4.1"
source = { registry = "https://pypi.org/simple" }
dependencies = [
    { name = "colorama", marker = "sys_platform == 'win32'" },
    { name = "iniconfig" },
    { name = "packaging" },
    { name = "pluggy" },
    { name = "pygments" },
]
sdist = { url = "https://files.pythonhosted.org/packages/08/ba/45911d754e8eba3d5a841a5ce61a65a685ff1798421ac054f85aa8747dfb/pytest-8.4.1.tar.gz", hash = "sha256:7c67fd69174877359ed9371ec3af8a3d2b04741818c51e5e99cc1742251fa93c", size = 1517714, upload-time = "2025-06-18T05:48:06.109Z" }
wheels = [
    { url = "https://files.pythonhosted.org/packages/29/16/c8a903f4c4dffe7a12843191437d7cd8e32751d5de349d45d3fe69544e87/pytest-8.4.1-py3-none-any.whl", hash = "sha256:539c70ba6fcead8e78eebbf1115e8b589e7565830d7d006a8723f19ac8a0afb7", size = 365474, upload-time = "2025-06-18T05:48:03.955Z" },
]

[[package]]
name = "pytest-asyncio"
version = "1.2.0"
source = { registry = "https://pypi.org/simple" }
dependencies = [
    { name = "pytest" },
]
sdist = { url = "https://files.pythonhosted.org/packages/42/86/9e3c5f48f7b7b638b216e4b9e645f54d199d7abbbab7a64a13b4e12ba10f/pytest_asyncio-1.2.0.tar.gz", hash = "sha256:c609a64a2a8768462d0c99811ddb8bd2583c33fd33cf7f21af1c142e824ffb57", size = 50119, upload-time = "2025-09-12T07:33:53.816Z" }
wheels = [
    { url = "https://files.pythonhosted.org/packages/04/93/2fa34714b7a4ae72f2f8dad66ba17dd9a2c793220719e736dda28b7aec27/pytest_asyncio-1.2.0-py3-none-any.whl", hash = "sha256:8e17ae5e46d8e7efe51ab6494dd2010f4ca8dae51652aa3c8d55acf50bfb2e99", size = 15095, upload-time = "2025-09-12T07:33:52.639Z" },
]

[[package]]
name = "ruff"
version = "0.14.0"
source = { registry = "https://pypi.org/simple" }
sdist = { url = "https://files.pythonhosted.org/packages/41/b9/9bd84453ed6dd04688de9b3f3a4146a1698e8faae2ceeccce4e14c67ae17/ruff-0.14.0.tar.gz", hash = "sha256:62ec8969b7510f77945df916de15da55311fade8d6050995ff7f680afe582c57", size = 5452071, upload-time = "2025-10-07T18:21:55.763Z" }
wheels = [
    { url = "https://files.pythonhosted.org/packages/3a/4e/79d463a5f80654e93fa653ebfb98e0becc3f0e7cf6219c9ddedf1e197072/ruff-0.14.0-py3-none-linux_armv6l.whl", hash = "sha256:58e15bffa7054299becf4bab8a1187062c6f8cafbe9f6e39e0d5aface455d6b3", size = 12494532, upload-time = "2025-10-07T18:21:00.373Z" },
    { url = "https://files.pythonhosted.org/packages/ee/40/e2392f445ed8e02aa6105d49db4bfff01957379064c30f4811c3bf38aece/ruff-0.14.0-py3-none-macosx_10_12_x86_64.whl", hash = "sha256:838d1b065f4df676b7c9957992f2304e41ead7a50a568185efd404297d5701e8", size = 13160768, upload-time = "2025-10-07T18:21:04.73Z" },
    { url = "https://files.pythonhosted.org/packages/75/da/2a656ea7c6b9bd14c7209918268dd40e1e6cea65f4bb9880eaaa43b055cd/ruff-0.14.0-py3-none-macosx_11_0_arm64.whl", hash = "sha256:703799d059ba50f745605b04638fa7e9682cc3da084b2092feee63500ff3d9b8", size = 12363376, upload-time = "2025-10-07T18:21:07.833Z" },
    { url = "https://files.pythonhosted.org/packages/42/e2/1ffef5a1875add82416ff388fcb7ea8b22a53be67a638487937aea81af27/ruff-0.14.0-py3-none-manylinux_2_17_aarch64.manylinux2014_aarch64.whl", hash = "sha256:3ba9a8925e90f861502f7d974cc60e18ca29c72bb0ee8bfeabb6ade35a3abde7", size = 12608055, upload-time = "2025-10-07T18:21:10.72Z" },
    { url = "https://files.pythonhosted.org/packages/4a/32/986725199d7cee510d9f1dfdf95bf1efc5fa9dd714d0d85c1fb1f6be3bc3/ruff-0.14.0-py3-none-manylinux_2_17_armv7l.manylinux2014_armv7l.whl", hash = "sha256:e41f785498bd200ffc276eb9e1570c019c1d907b07cfb081092c8ad51975bbe7", size = 12318544, upload-time = "2025-10-07T18:21:13.741Z" },
    { url = "https://files.pythonhosted.org/packages/9a/ed/4969cefd53315164c94eaf4da7cfba1f267dc275b0abdd593d11c90829a3/ruff-0.14.0-py3-none-manylinux_2_17_i686.manylinux2014_i686.whl", hash = "sha256:30a58c087aef4584c193aebf2700f0fbcfc1e77b89c7385e3139956fa90434e2", size = 14001280, upload-time = "2025-10-07T18:21:16.411Z" },
    { url = "https://files.pythonhosted.org/packages/ab/ad/96c1fc9f8854c37681c9613d825925c7f24ca1acfc62a4eb3896b50bacd2/ruff-0.14.0-py3-none-manylinux_2_17_ppc64.manylinux2014_ppc64.whl", hash = "sha256:f8d07350bc7af0a5ce8812b7d5c1a7293cf02476752f23fdfc500d24b79b783c", size = 15027286, upload-time = "2025-10-07T18:21:19.577Z" },
    { url = "https://files.pythonhosted.org/packages/b3/00/1426978f97df4fe331074baf69615f579dc4e7c37bb4c6f57c2aad80c87f/ruff-0.14.0-py3-none-manylinux_2_17_ppc64le.manylinux2014_ppc64le.whl", hash = "sha256:eec3bbbf3a7d5482b5c1f42d5fc972774d71d107d447919fca620b0be3e3b75e", size = 14451506, upload-time = "2025-10-07T18:21:22.779Z" },
    { url = "https://files.pythonhosted.org/packages/58/d5/9c1cea6e493c0cf0647674cca26b579ea9d2a213b74b5c195fbeb9678e15/ruff-0.14.0-py3-none-manylinux_2_17_s390x.manylinux2014_s390x.whl", hash = "sha256:16b68e183a0e28e5c176d51004aaa40559e8f90065a10a559176713fcf435206", size = 13437384, upload-time = "2025-10-07T18:21:25.758Z" },
    { url = "https://files.pythonhosted.org/packages/29/b4/4cd6a4331e999fc05d9d77729c95503f99eae3ba1160469f2b64866964e3/ruff-0.14.0-py3-none-manylinux_2_17_x86_64.manylinux2014_x86_64.whl", hash = "sha256:eb732d17db2e945cfcbbc52af0143eda1da36ca8ae25083dd4f66f1542fdf82e", size = 13447976, upload-time = "2025-10-07T18:21:28.83Z" },
    { url = "https://files.pythonhosted.org/packages/3b/c0/ac42f546d07e4f49f62332576cb845d45c67cf5610d1851254e341d563b6/ruff-0.14.0-py3-none-manylinux_2_31_riscv64.whl", hash = "sha256:c958f66ab884b7873e72df38dcabee03d556a8f2ee1b8538ee1c2bbd619883dd", size = 13682850, upload-time = "2025-10-07T18:21:31.842Z" },
    { url = "https://files.pythonhosted.org/packages/5f/c4/4b0c9bcadd45b4c29fe1af9c5d1dc0ca87b4021665dfbe1c4688d407aa20/ruff-0.14.0-py3-none-musllinux_1_2_aarch64.whl", hash = "sha256:7eb0499a2e01f6e0c285afc5bac43ab380cbfc17cd43a2e1dd10ec97d6f2c42d", size = 12449825, upload-time = "2025-10-07T18:21:35.074Z" },
    { url = "https://files.pythonhosted.org/packages/4b/a8/e2e76288e6c16540fa820d148d83e55f15e994d852485f221b9524514730/ruff-0.14.0-py3-none-musllinux_1_2_armv7l.whl", hash = "sha256:4c63b2d99fafa05efca0ab198fd48fa6030d57e4423df3f18e03aa62518c565f", size = 12272599, upload-time = "2025-10-07T18:21:38.08Z" },
    { url = "https://files.pythonhosted.org/packages/18/14/e2815d8eff847391af632b22422b8207704222ff575dec8d044f9ab779b2/ruff-0.14.0-py3-none-musllinux_1_2_i686.whl", hash = "sha256:668fce701b7a222f3f5327f86909db2bbe99c30877c8001ff934c5413812ac02", size = 13193828, upload-time = "2025-10-07T18:21:41.216Z" },
    { url = "https://files.pythonhosted.org/packages/44/c6/61ccc2987cf0aecc588ff8f3212dea64840770e60d78f5606cd7dc34de32/ruff-0.14.0-py3-none-musllinux_1_2_x86_64.whl", hash = "sha256:a86bf575e05cb68dcb34e4c7dfe1064d44d3f0c04bbc0491949092192b515296", size = 13628617, upload-time = "2025-10-07T18:21:44.04Z" },
    { url = "https://files.pythonhosted.org/packages/73/e6/03b882225a1b0627e75339b420883dc3c90707a8917d2284abef7a58d317/ruff-0.14.0-py3-none-win32.whl", hash = "sha256:7450a243d7125d1c032cb4b93d9625dea46c8c42b4f06c6b709baac168e10543", size = 12367872, upload-time = "2025-10-07T18:21:46.67Z" },
    { url = "https://files.pythonhosted.org/packages/41/77/56cf9cf01ea0bfcc662de72540812e5ba8e9563f33ef3d37ab2174892c47/ruff-0.14.0-py3-none-win_amd64.whl", hash = "sha256:ea95da28cd874c4d9c922b39381cbd69cb7e7b49c21b8152b014bd4f52acddc2", size = 13464628, upload-time = "2025-10-07T18:21:50.318Z" },
    { url = "https://files.pythonhosted.org/packages/c6/2a/65880dfd0e13f7f13a775998f34703674a4554906167dce02daf7865b954/ruff-0.14.0-py3-none-win_arm64.whl", hash = "sha256:f42c9495f5c13ff841b1da4cb3c2a42075409592825dada7c5885c2c844ac730", size = 12565142, upload-time = "2025-10-07T18:21:53.577Z" },
]

[[package]]
name = "soupsieve"
version = "2.7"
source = { registry = "https://pypi.org/simple" }
sdist = { url = "https://files.pythonhosted.org/packages/3f/f4/4a80cd6ef364b2e8b65b15816a843c0980f7a5a2b4dc701fc574952aa19f/soupsieve-2.7.tar.gz", hash = "sha256:ad282f9b6926286d2ead4750552c8a6142bc4c783fd66b0293547c8fe6ae126a", size = 103418, upload-time = "2025-04-20T18:50:08.518Z" }
wheels = [
    { url = "https://files.pythonhosted.org/packages/e7/9c/0e6afc12c269578be5c0c1c9f4b49a8d32770a080260c333ac04cc1c832d/soupsieve-2.7-py3-none-any.whl", hash = "sha256:6e60cc5c1ffaf1cebcc12e8188320b72071e922c2e897f737cadce79ad5d30c4", size = 36677, upload-time = "2025-04-20T18:50:07.196Z" },
]

[[package]]
name = "tenacity"
version = "9.1.2"
source = { registry = "https://pypi.org/simple" }
sdist = { url = "https://files.pythonhosted.org/packages/0a/d4/2b0cd0fe285e14b36db076e78c93766ff1d529d70408bd1d2a5a84f1d929/tenacity-9.1.2.tar.gz", hash = "sha256:1169d376c297e7de388d18b4481760d478b0e99a777cad3a9c86e556f4b697cb", size = 48036, upload-time = "2025-04-02T08:25:09.966Z" }
wheels = [
    { url = "https://files.pythonhosted.org/packages/e5/30/643397144bfbfec6f6ef821f36f33e57d35946c44a2352d3c9f0ae847619/tenacity-9.1.2-py3-none-any.whl", hash = "sha256:f77bf36710d8b73a50b2dd155c97b870017ad21afe6ab300326b0371b3b05138", size = 28248, upload-time = "2025-04-02T08:25:07.678Z" },
]

[[package]]
name = "typing-extensions"
version = "4.15.0"
source = { registry = "https://pypi.org/simple" }
sdist = { url = "https://files.pythonhosted.org/packages/72/94/1a15dd82efb362ac84269196e94cf00f187f7ed21c242792a923cdb1c61f/typing_extensions-4.15.0.tar.gz", hash = "sha256:0cea48d173cc12fa28ecabc3b837ea3cf6f38c6d1136f85cbaaf598984861466", size = 109391, upload-time = "2025-08-25T13:49:26.313Z" }
wheels = [
    { url = "https://files.pythonhosted.org/packages/18/67/36e9267722cc04a6b9f15c7f3441c2363321a3ea07da7ae0c0707beb2a9c/typing_extensions-4.15.0-py3-none-any.whl", hash = "sha256:f0fa19c6845758ab08074a0cfa8b7aecb71c999ca73d62883bc25cc018c4e548", size = 44614, upload-time = "2025-08-25T13:49:24.86Z" },
]

[[package]]
name = "webchain-spider"
source = { editable = "." }
dependencies = [
    { name = "aiohttp", extra = ["speedups"] },
    { name = "beautifulsoup4" },
    { name = "click" },
    { name = "lxml" },
    { name = "ordered-set" },
    { name = "tenacity" },
    { name = "zstandard" },
]

[package.dev-dependencies]
dev = [
    { name = "pytest" },
    { name = "pytest-asyncio" },
    { name = "ruff" },
]

[package.metadata]
requires-dist = [
    { name = "aiohttp", extras = ["speedups"], specifier = "~=3.12" },
    { name = "beautifulsoup4", specifier = "~=4.14.2" },
    { name = "click", specifier = "~=8.3.0" },
    { name = "lxml", specifier = "~=6.0" },
    { name = "ordered-set", specifier = "~=4.1.0" },
    { name = "tenacity", specifier = "~=9.1.2" },
    { name = "zstandard", specifier = "~=0.25.0" },
]

[package.metadata.requires-dev]
dev = [
    { name = "pytest", specifier = "~=8.4.1" },
    { name = "pytest-asyncio", specifier = "~=1.2.0" },
    { name = "ruff", specifier = "~=0.14.0" },
]

[[package]]
name = "yarl"
version = "1.20.1"
source = { registry = "https://pypi.org/simple" }
dependencies = [
    { name = "idna" },
    { name = "multidict" },
    { name = "propcache" },
]
sdist = { url = "https://files.pythonhosted.org/packages/3c/fb/efaa23fa4e45537b827620f04cf8f3cd658b76642205162e072703a5b963/yarl-1.20.1.tar.gz", hash = "sha256:d017a4997ee50c91fd5466cef416231bb82177b93b029906cefc542ce14c35ac", size = 186428, upload-time = "2025-06-10T00:46:09.923Z" }
wheels = [
    { url = "https://files.pythonhosted.org/packages/b4/2d/2345fce04cfd4bee161bf1e7d9cdc702e3e16109021035dbb24db654a622/yarl-1.20.1-py3-none-any.whl", hash = "sha256:83b8eb083fe4683c6115795d9fc1cfaf2cbbefb19b3a1cb68f6527460f483a77", size = 46542, upload-time = "2025-06-10T00:46:07.521Z" },
]

[[package]]
name = "zstandard"
version = "0.25.0"
source = { registry = "https://pypi.org/simple" }
sdist = { url = "https://files.pythonhosted.org/packages/fd/aa/3e0508d5a5dd96529cdc5a97011299056e14c6505b678fd58938792794b1/zstandard-0.25.0.tar.gz", hash = "sha256:7713e1179d162cf5c7906da876ec2ccb9c3a9dcbdffef0cc7f70c3667a205f0b", size = 711513, upload-time = "2025-09-14T22:15:54.002Z" }
wheels = [
    { url = "https://files.pythonhosted.org/packages/3d/5c/f8923b595b55fe49e30612987ad8bf053aef555c14f05bb659dd5dbe3e8a/zstandard-0.25.0-cp314-cp314-macosx_10_13_x86_64.whl", hash = "sha256:e29f0cf06974c899b2c188ef7f783607dbef36da4c242eb6c82dcd8b512855e3", size = 795887, upload-time = "2025-09-14T22:17:54.198Z" },
    { url = "https://files.pythonhosted.org/packages/8d/09/d0a2a14fc3439c5f874042dca72a79c70a532090b7ba0003be73fee37ae2/zstandard-0.25.0-cp314-cp314-macosx_11_0_arm64.whl", hash = "sha256:05df5136bc5a011f33cd25bc9f506e7426c0c9b3f9954f056831ce68f3b6689f", size = 640658, upload-time = "2025-09-14T22:17:55.423Z" },
    { url = "https://files.pythonhosted.org/packages/5d/7c/8b6b71b1ddd517f68ffb55e10834388d4f793c49c6b83effaaa05785b0b4/zstandard-0.25.0-cp314-cp314-manylinux2010_i686.manylinux_2_12_i686.manylinux_2_28_i686.whl", hash = "sha256:f604efd28f239cc21b3adb53eb061e2a205dc164be408e553b41ba2ffe0ca15c", size = 5379849, upload-time = "2025-09-14T22:17:57.372Z" },
    { url = "https://files.pythonhosted.org/packages/a4/86/a48e56320d0a17189ab7a42645387334fba2200e904ee47fc5a26c1fd8ca/zstandard-0.25.0-cp314-cp314-manylinux2014_aarch64.manylinux_2_17_aarch64.manylinux_2_28_aarch64.whl", hash = "sha256:223415140608d0f0da010499eaa8ccdb9af210a543fac54bce15babbcfc78439", size = 5058095, upload-time = "2025-09-14T22:17:59.498Z" },
    { url = "https://files.pythonhosted.org/packages/f8/ad/eb659984ee2c0a779f9d06dbfe45e2dc39d99ff40a319895df2d3d9a48e5/zstandard-0.25.0-cp314-cp314-manylinux2014_ppc64le.manylinux_2_17_ppc64le.manylinux_2_28_ppc64le.whl", hash = "sha256:2e54296a283f3ab5a26fc9b8b5d4978ea0532f37b231644f367aa588930aa043", size = 5551751, upload-time = "2025-09-14T22:18:01.618Z" },
    { url = "https://files.pythonhosted.org/packages/61/b3/b637faea43677eb7bd42ab204dfb7053bd5c4582bfe6b1baefa80ac0c47b/zstandard-0.25.0-cp314-cp314-manylinux2014_s390x.manylinux_2_17_s390x.manylinux_2_28_s390x.whl", hash = "sha256:ca54090275939dc8ec5dea2d2afb400e0f83444b2fc24e07df7fdef677110859", size = 6364818, upload-time = "2025-09-14T22:18:03.769Z" },
    { url = "https://files.pythonhosted.org/packages/31/dc/cc50210e11e465c975462439a492516a73300ab8caa8f5e0902544fd748b/zstandard-0.25.0-cp314-cp314-manylinux2014_x86_64.manylinux_2_17_x86_64.manylinux_2_28_x86_64.whl", hash = "sha256:e09bb6252b6476d8d56100e8147b803befa9a12cea144bbe629dd508800d1ad0", size = 5560402, upload-time = "2025-09-14T22:18:05.954Z" },
    { url = "https://files.pythonhosted.org/packages/c9/ae/56523ae9c142f0c08efd5e868a6da613ae76614eca1305259c3bf6a0ed43/zstandard-0.25.0-cp314-cp314-musllinux_1_2_aarch64.whl", hash = "sha256:a9ec8c642d1ec73287ae3e726792dd86c96f5681eb8df274a757bf62b750eae7", size = 4955108, upload-time = "2025-09-14T22:18:07.68Z" },
    { url = "https://files.pythonhosted.org/packages/98/cf/c899f2d6df0840d5e384cf4c4121458c72802e8bda19691f3b16619f51e9/zstandard-0.25.0-cp314-cp314-musllinux_1_2_i686.whl", hash = "sha256:a4089a10e598eae6393756b036e0f419e8c1d60f44a831520f9af41c14216cf2", size = 5269248, upload-time = "2025-09-14T22:18:09.753Z" },
    { url = "https://files.pythonhosted.org/packages/1b/c0/59e912a531d91e1c192d3085fc0f6fb2852753c301a812d856d857ea03c6/zstandard-0.25.0-cp314-cp314-musllinux_1_2_ppc64le.whl", hash = "sha256:f67e8f1a324a900e75b5e28ffb152bcac9fbed1cc7b43f99cd90f395c4375344", size = 5430330, upload-time = "2025-09-14T22:18:11.966Z" },
    { url = "https://files.pythonhosted.org/packages/a0/1d/7e31db1240de2df22a58e2ea9a93fc6e38cc29353e660c0272b6735d6669/zstandard-0.25.0-cp314-cp314-musllinux_1_2_s390x.whl", hash = "sha256:9654dbc012d8b06fc3d19cc825af3f7bf8ae242226df5f83936cb39f5fdc846c", size = 5811123, upload-time = "2025-09-14T22:18:13.907Z" },
    { url = "https://files.pythonhosted.org/packages/f6/49/fac46df5ad353d50535e118d6983069df68ca5908d4d65b8c466150a4ff1/zstandard-0.25.0-cp314-cp314-musllinux_1_2_x86_64.whl", hash = "sha256:4203ce3b31aec23012d3a4cf4a2ed64d12fea5269c49aed5e4c3611b938e4088", size = 5359591, upload-time = "2025-09-14T22:18:16.465Z" },
    { url = "https://files.pythonhosted.org/packages/c2/38/f249a2050ad1eea0bb364046153942e34abba95dd5520af199aed86fbb49/zstandard-0.25.0-cp314-cp314-win32.whl", hash = "sha256:da469dc041701583e34de852d8634703550348d5822e66a0c827d39b05365b12", size = 444513, upload-time = "2025-09-14T22:18:20.61Z" },
    { url = "https://files.pythonhosted.org/packages/3a/43/241f9615bcf8ba8903b3f0432da069e857fc4fd1783bd26183db53c4804b/zstandard-0.25.0-cp314-cp314-win_amd64.whl", hash = "sha256:c19bcdd826e95671065f8692b5a4aa95c52dc7a02a4c5a0cac46deb879a017a2", size = 516118, upload-time = "2025-09-14T22:18:17.849Z" },
    { url = "https://files.pythonhosted.org/packages/f0/ef/da163ce2450ed4febf6467d77ccb4cd52c4c30ab45624bad26ca0a27260c/zstandard-0.25.0-cp314-cp314-win_arm64.whl", hash = "sha256:d7541afd73985c630bafcd6338d2518ae96060075f9463d7dc14cfb33514383d", size = 476940, upload-time = "2025-09-14T22:18:19.088Z" },
]
